
Microsoft Visual Studio Solution File, Format Version 12.00
# Visual Studio Version 17
VisualStudioVersion = 17.11.35303.130
MinimumVisualStudioVersion = 10.0.40219.1
Project("{2150E333-8FDC-42A3-9474-1A3956D46DE8}") = "Tests", "Tests", "{5350A897-3DCD-4D8D-904C-2E8D4F2DE5F9}"
EndProject
Project("{2150E333-8FDC-42A3-9474-1A3956D46DE8}") = "Db", "Db", "{02EA681E-C7D8-13C7-8484-4AC65E1B71E8}"
EndProject
Project("{FAE04EC0-301F-11D3-BF4B-00C04F79EFBC}") = "LiteDbWrapper", "Db\LiteDbWrapper\LiteDbWrapper\LiteDbWrapper.csproj", "{D9AD2C7F-E505-9089-72BB-C05B7D184741}"
EndProject
Project("{FAE04EC0-301F-11D3-BF4B-00C04F79EFBC}") = "SqliteDbWrapper", "Db\SQLiteDbWrapper\SQLiteDbWrapper\SqliteDbWrapper.csproj", "{2AF58A88-5B50-CE31-872A-F4F01C25A57F}"
EndProject
Project("{2150E333-8FDC-42A3-9474-1A3956D46DE8}") = "Api", "Api", "{E81A9B4D-B018-4DFD-9D1E-2E1CC678C3F8}"
EndProject
Project("{2150E333-8FDC-42A3-9474-1A3956D46DE8}") = "IO", "IO", "{1A90A051-9B85-47F8-A3B7-8662FB78CA75}"
EndProject
Project("{2150E333-8FDC-42A3-9474-1A3956D46DE8}") = "Logs", "Logs", "{5B3E2178-FAF0-454C-8E63-6768B316291C}"
EndProject
Project("{FAE04EC0-301F-11D3-BF4B-00C04F79EFBC}") = "LogWrapper", "Logs\LogWrapper\LogWrapper\LogWrapper.csproj", "{94BD5FBE-610D-4DFB-BE26-81C3E054F3F1}"
EndProject
Project("{FAE04EC0-301F-11D3-BF4B-00C04F79EFBC}") = "FileIOWrapper", "IO\FileIOWrapper\FileIOWrapper\FileIOWrapper.csproj", "{A479502C-C661-CF05-1698-FB80444801C6}"
EndProject
Project("{FAE04EC0-301F-11D3-BF4B-00C04F79EFBC}") = "JsonParser", "IO\JsonParser\JsonParser\JsonParser.csproj", "{BBAE711D-6391-2F84-0394-2E2DED4F6E36}"
EndProject
Project("{FAE04EC0-301F-11D3-BF4B-00C04F79EFBC}") = "LiteDbWrapper.Test", "Db\LiteDbWrapper\LiteDbWrapper.Test\LiteDbWrapper.Test.csproj", "{49888F4A-9EDF-9FDD-E55A-4CA0588E2F0D}"
EndProject
Project("{FAE04EC0-301F-11D3-BF4B-00C04F79EFBC}") = "SQLiteDbWrapper.Test", "Db\SQLiteDbWrapper\SQLiteDbWrapper.Test\SQLiteDbWrapper.Test.csproj", "{7356B779-39EB-FFA8-5C2A-38AB4234EB9B}"
EndProject
Project("{FAE04EC0-301F-11D3-BF4B-00C04F79EFBC}") = "JsonParser.Test", "IO\JsonParser\JsonParser.Test\JsonParser.Test.csproj", "{EE57E75D-2CC4-E056-0948-A9D54416ED6B}"
EndProject
Project("{FAE04EC0-301F-11D3-BF4B-00C04F79EFBC}") = "LogWrapper.Test", "Logs\LogWrapper\LogWrapper.Test\LogWrapper.Test.csproj", "{278297D8-F3F2-93CB-60EA-E071F95FF1DB}"
EndProject
Project("{FAE04EC0-301F-11D3-BF4B-00C04F79EFBC}") = "Utils.Test", "Utils\Utils\Utils.Test\Utils.Test.csproj", "{E4070DFA-573C-0CF9-9A79-766AE6AA6BE0}"
EndProject
Project("{2150E333-8FDC-42A3-9474-1A3956D46DE8}") = "Utils", "Utils", "{E8F01647-4CFE-4D77-83EC-0D4566312A65}"
EndProject
Project("{FAE04EC0-301F-11D3-BF4B-00C04F79EFBC}") = "Utils", "Utils\Utils\Utils\Utils.csproj", "{15501E80-6E52-77AA-8C0D-542EC240ED04}"
EndProject
Global
	GlobalSection(SolutionConfigurationPlatforms) = preSolution
		Debug|Any CPU = Debug|Any CPU
		Release|Any CPU = Release|Any CPU
	EndGlobalSection
	GlobalSection(ProjectConfigurationPlatforms) = postSolution
		{D9AD2C7F-E505-9089-72BB-C05B7D184741}.Debug|Any CPU.ActiveCfg = Debug|Any CPU
		{D9AD2C7F-E505-9089-72BB-C05B7D184741}.Debug|Any CPU.Build.0 = Debug|Any CPU
		{D9AD2C7F-E505-9089-72BB-C05B7D184741}.Release|Any CPU.ActiveCfg = Release|Any CPU
		{D9AD2C7F-E505-9089-72BB-C05B7D184741}.Release|Any CPU.Build.0 = Release|Any CPU
		{2AF58A88-5B50-CE31-872A-F4F01C25A57F}.Debug|Any CPU.ActiveCfg = Debug|Any CPU
		{2AF58A88-5B50-CE31-872A-F4F01C25A57F}.Debug|Any CPU.Build.0 = Debug|Any CPU
		{2AF58A88-5B50-CE31-872A-F4F01C25A57F}.Release|Any CPU.ActiveCfg = Release|Any CPU
		{2AF58A88-5B50-CE31-872A-F4F01C25A57F}.Release|Any CPU.Build.0 = Release|Any CPU
		{94BD5FBE-610D-4DFB-BE26-81C3E054F3F1}.Debug|Any CPU.ActiveCfg = Debug|Any CPU
		{94BD5FBE-610D-4DFB-BE26-81C3E054F3F1}.Debug|Any CPU.Build.0 = Debug|Any CPU
		{94BD5FBE-610D-4DFB-BE26-81C3E054F3F1}.Release|Any CPU.ActiveCfg = Release|Any CPU
		{94BD5FBE-610D-4DFB-BE26-81C3E054F3F1}.Release|Any CPU.Build.0 = Release|Any CPU
		{A479502C-C661-CF05-1698-FB80444801C6}.Debug|Any CPU.ActiveCfg = Debug|Any CPU
		{A479502C-C661-CF05-1698-FB80444801C6}.Debug|Any CPU.Build.0 = Debug|Any CPU
		{A479502C-C661-CF05-1698-FB80444801C6}.Release|Any CPU.ActiveCfg = Release|Any CPU
		{A479502C-C661-CF05-1698-FB80444801C6}.Release|Any CPU.Build.0 = Release|Any CPU
		{BBAE711D-6391-2F84-0394-2E2DED4F6E36}.Debug|Any CPU.ActiveCfg = Debug|Any CPU
		{BBAE711D-6391-2F84-0394-2E2DED4F6E36}.Debug|Any CPU.Build.0 = Debug|Any CPU
		{BBAE711D-6391-2F84-0394-2E2DED4F6E36}.Release|Any CPU.ActiveCfg = Release|Any CPU
		{BBAE711D-6391-2F84-0394-2E2DED4F6E36}.Release|Any CPU.Build.0 = Release|Any CPU
		{49888F4A-9EDF-9FDD-E55A-4CA0588E2F0D}.Debug|Any CPU.ActiveCfg = Debug|Any CPU
		{49888F4A-9EDF-9FDD-E55A-4CA0588E2F0D}.Debug|Any CPU.Build.0 = Debug|Any CPU
		{49888F4A-9EDF-9FDD-E55A-4CA0588E2F0D}.Release|Any CPU.ActiveCfg = Release|Any CPU
		{49888F4A-9EDF-9FDD-E55A-4CA0588E2F0D}.Release|Any CPU.Build.0 = Release|Any CPU
		{7356B779-39EB-FFA8-5C2A-38AB4234EB9B}.Debug|Any CPU.ActiveCfg = Debug|Any CPU
		{7356B779-39EB-FFA8-5C2A-38AB4234EB9B}.Debug|Any CPU.Build.0 = Debug|Any CPU
		{7356B779-39EB-FFA8-5C2A-38AB4234EB9B}.Release|Any CPU.ActiveCfg = Release|Any CPU
		{7356B779-39EB-FFA8-5C2A-38AB4234EB9B}.Release|Any CPU.Build.0 = Release|Any CPU
		{EE57E75D-2CC4-E056-0948-A9D54416ED6B}.Debug|Any CPU.ActiveCfg = Debug|Any CPU
		{EE57E75D-2CC4-E056-0948-A9D54416ED6B}.Debug|Any CPU.Build.0 = Debug|Any CPU
		{EE57E75D-2CC4-E056-0948-A9D54416ED6B}.Release|Any CPU.ActiveCfg = Release|Any CPU
		{EE57E75D-2CC4-E056-0948-A9D54416ED6B}.Release|Any CPU.Build.0 = Release|Any CPU
		{278297D8-F3F2-93CB-60EA-E071F95FF1DB}.Debug|Any CPU.ActiveCfg = Debug|Any CPU
		{278297D8-F3F2-93CB-60EA-E071F95FF1DB}.Debug|Any CPU.Build.0 = Debug|Any CPU
		{278297D8-F3F2-93CB-60EA-E071F95FF1DB}.Release|Any CPU.ActiveCfg = Release|Any CPU
		{278297D8-F3F2-93CB-60EA-E071F95FF1DB}.Release|Any CPU.Build.0 = Release|Any CPU
		{E4070DFA-573C-0CF9-9A79-766AE6AA6BE0}.Debug|Any CPU.ActiveCfg = Debug|Any CPU
		{E4070DFA-573C-0CF9-9A79-766AE6AA6BE0}.Debug|Any CPU.Build.0 = Debug|Any CPU
		{E4070DFA-573C-0CF9-9A79-766AE6AA6BE0}.Release|Any CPU.ActiveCfg = Release|Any CPU
		{E4070DFA-573C-0CF9-9A79-766AE6AA6BE0}.Release|Any CPU.Build.0 = Release|Any CPU
		{15501E80-6E52-77AA-8C0D-542EC240ED04}.Debug|Any CPU.ActiveCfg = Debug|Any CPU
		{15501E80-6E52-77AA-8C0D-542EC240ED04}.Debug|Any CPU.Build.0 = Debug|Any CPU
		{15501E80-6E52-77AA-8C0D-542EC240ED04}.Release|Any CPU.ActiveCfg = Release|Any CPU
		{15501E80-6E52-77AA-8C0D-542EC240ED04}.Release|Any CPU.Build.0 = Release|Any CPU
	EndGlobalSection
	GlobalSection(SolutionProperties) = preSolution
		HideSolutionNode = FALSE
	EndGlobalSection
	GlobalSection(NestedProjects) = preSolution
		{D9AD2C7F-E505-9089-72BB-C05B7D184741} = {02EA681E-C7D8-13C7-8484-4AC65E1B71E8}
		{2AF58A88-5B50-CE31-872A-F4F01C25A57F} = {02EA681E-C7D8-13C7-8484-4AC65E1B71E8}
		{94BD5FBE-610D-4DFB-BE26-81C3E054F3F1} = {5B3E2178-FAF0-454C-8E63-6768B316291C}
		{A479502C-C661-CF05-1698-FB80444801C6} = {1A90A051-9B85-47F8-A3B7-8662FB78CA75}
		{BBAE711D-6391-2F84-0394-2E2DED4F6E36} = {1A90A051-9B85-47F8-A3B7-8662FB78CA75}
		{49888F4A-9EDF-9FDD-E55A-4CA0588E2F0D} = {5350A897-3DCD-4D8D-904C-2E8D4F2DE5F9}
		{7356B779-39EB-FFA8-5C2A-38AB4234EB9B} = {5350A897-3DCD-4D8D-904C-2E8D4F2DE5F9}
		{EE57E75D-2CC4-E056-0948-A9D54416ED6B} = {5350A897-3DCD-4D8D-904C-2E8D4F2DE5F9}
		{278297D8-F3F2-93CB-60EA-E071F95FF1DB} = {5350A897-3DCD-4D8D-904C-2E8D4F2DE5F9}
		{E4070DFA-573C-0CF9-9A79-766AE6AA6BE0} = {5350A897-3DCD-4D8D-904C-2E8D4F2DE5F9}
		{15501E80-6E52-77AA-8C0D-542EC240ED04} = {E8F01647-4CFE-4D77-83EC-0D4566312A65}
	EndGlobalSection
	GlobalSection(ExtensibilityGlobals) = postSolution
		SolutionGuid = {E85820DE-5788-4042-8AE1-EA44CC0FEA8A}
	EndGlobalSection
EndGlobal
