
Microsoft Visual Studio Solution File, Format Version 12.00
# Visual Studio Version 17
VisualStudioVersion = 17.11.35303.130
MinimumVisualStudioVersion = 10.0.40219.1
Project("{2150E333-8FDC-42A3-9474-1A3956D46DE8}") = "Tests", "Tests", "{5350A897-3DCD-4D8D-904C-2E8D4F2DE5F9}"
EndProject
Project("{2150E333-8FDC-42A3-9474-1A3956D46DE8}") = "Db", "Db", "{02EA681E-C7D8-13C7-8484-4AC65E1B71E8}"
EndProject
Project("{2150E333-8FDC-42A3-9474-1A3956D46DE8}") = "Api", "Api", "{E81A9B4D-B018-4DFD-9D1E-2E1CC678C3F8}"
EndProject
Project("{2150E333-8FDC-42A3-9474-1A3956D46DE8}") = "IO", "IO", "{1A90A051-9B85-47F8-A3B7-8662FB78CA75}"
EndProject
Project("{2150E333-8FDC-42A3-9474-1A3956D46DE8}") = "Logs", "Logs", "{5B3E2178-FAF0-454C-8E63-6768B316291C}"
EndProject
Project("{FAE04EC0-301F-11D3-BF4B-00C04F79EFBC}") = "JsonParser.Test", "IO\JsonParser\JsonParser.Test\JsonParser.Test.csproj", "{EE57E75D-2CC4-E056-0948-A9D54416ED6B}"
EndProject
Project("{FAE04EC0-301F-11D3-BF4B-00C04F79EFBC}") = "LogWrapper.Test", "Logs\LogWrapper\LogWrapper.Test\LogWrapper.Test.csproj", "{278297D8-F3F2-93CB-60EA-E071F95FF1DB}"
EndProject
Project("{2150E333-8FDC-42A3-9474-1A3956D46DE8}") = "Utils", "Utils", "{E8F01647-4CFE-4D77-83EC-0D4566312A65}"
EndProject
Project("{FAE04EC0-301F-11D3-BF4B-00C04F79EFBC}") = "ExceptionExts", "Utils\ExceptionExts\ExceptionExts\ExceptionExts.csproj", "{3DED04E2-7920-6219-41C9-E1207C737EB6}"
EndProject
Project("{FAE04EC0-301F-11D3-BF4B-00C04F79EFBC}") = "ExceptionExts.Test", "Utils\ExceptionExts\ExceptionExts.Test\ExceptionExts.Test.csproj", "{E8FBB5E6-C32E-B820-EFE2-5E505EBF8183}"
EndProject
Project("{2150E333-8FDC-42A3-9474-1A3956D46DE8}") = "Store", "Store", "{44E5005F-155A-400F-9B11-D55525EBF44D}"
EndProject
Project("{FAE04EC0-301F-11D3-BF4B-00C04F79EFBC}") = "Cache", "Store\Cache\Cache\Cache.csproj", "{5CBC9619-02ED-4E04-BC3D-BF34948C56B2}"
EndProject
Project("{FAE04EC0-301F-11D3-BF4B-00C04F79EFBC}") = "Cache.Test", "Store\Cache\Cache.Test\Cache.Test.csproj", "{D7CCA692-871B-2AEA-8ED9-CC23AC524632}"
EndProject
Project("{FAE04EC0-301F-11D3-BF4B-00C04F79EFBC}") = "LiteDbWrapper", "Db\LiteDbWrapper\LiteDbWrapper\LiteDbWrapper.csproj", "{D1087C93-FF6E-035C-BD87-18B708B70D17}"
EndProject
Project("{FAE04EC0-301F-11D3-BF4B-00C04F79EFBC}") = "SqliteDbWrapper", "Db\SQLiteDbWrapper\SQLiteDbWrapper\SqliteDbWrapper.csproj", "{04FF7C34-9E47-CA69-5961-DC185099B100}"
EndProject
Project("{FAE04EC0-301F-11D3-BF4B-00C04F79EFBC}") = "SqliteDbWrapper.Test", "Db\SQLiteDbWrapper\SQLiteDbWrapper.Test\SqliteDbWrapper.Test.csproj", "{4B2A86B1-9ED5-C839-3D87-57854782B4AE}"
EndProject
Project("{FAE04EC0-301F-11D3-BF4B-00C04F79EFBC}") = "LiteDbWrapper.Test", "Db\LiteDbWrapper\LiteDbWrapper.Test\LiteDbWrapper.Test.csproj", "{865BFF01-3BD2-AF03-61F6-E1DEC0992B6E}"
EndProject
Project("{FAE04EC0-301F-11D3-BF4B-00C04F79EFBC}") = "FileIOWrapper", "IO\FileIOWrapper\FileIOWrapper\FileIOWrapper.csproj", "{B13FD306-67A7-27E9-E9F2-8C83E605407A}"
EndProject
Project("{FAE04EC0-301F-11D3-BF4B-00C04F79EFBC}") = "JsonParser", "IO\JsonParser\JsonParser\JsonParser.csproj", "{EA949090-BDFF-E98B-30A3-CD24F174FE82}"
EndProject
Project("{FAE04EC0-301F-11D3-BF4B-00C04F79EFBC}") = "LogWrapper", "Logs\LogWrapper\LogWrapper\LogWrapper.csproj", "{148A4DA1-933C-7A87-289F-15ADD73C2D81}"
EndProject
Project("{FAE04EC0-301F-11D3-BF4B-00C04F79EFBC}") = "PkmApi", "Api\PkmApi\PkmApi\PkmApi.csproj", "{6C3E787A-FE65-F17C-02A7-D20028B404F0}"
EndProject
Project("{FAE04EC0-301F-11D3-BF4B-00C04F79EFBC}") = "PkmApiTestDtos", "Api\PkmApi\PkmApiTestDtos\PkmApiTestDtos.csproj", "{D0141936-7F45-A838-5B49-8918FAD05B45}"
EndProject
Project("{FAE04EC0-301F-11D3-BF4B-00C04F79EFBC}") = "PkmApi.Test", "Api\PkmApi\PkmApi.Test\PkmApi.Test.csproj", "{485DC875-68CF-2A86-881E-114581F2FBDA}"
EndProject
Project("{FAE04EC0-301F-11D3-BF4B-00C04F79EFBC}") = "PkmApiTester", "Api\PkmApi\PkmApiTester\PkmApiTester.csproj", "{AFCEA8CC-EA01-12AA-BA99-B0937EEBFD38}"
EndProject
Project("{FAE04EC0-301F-11D3-BF4B-00C04F79EFBC}") = "RedisCache", "Store\RedisCache\RedisCache\RedisCache.csproj", "{A0F0EBA4-D1D0-0506-60A3-CEBF9C5ED491}"
EndProject
Global
	GlobalSection(SolutionConfigurationPlatforms) = preSolution
		Debug|Any CPU = Debug|Any CPU
		Release|Any CPU = Release|Any CPU
	EndGlobalSection
	GlobalSection(ProjectConfigurationPlatforms) = postSolution
		{EE57E75D-2CC4-E056-0948-A9D54416ED6B}.Debug|Any CPU.ActiveCfg = Debug|Any CPU
		{EE57E75D-2CC4-E056-0948-A9D54416ED6B}.Debug|Any CPU.Build.0 = Debug|Any CPU
		{EE57E75D-2CC4-E056-0948-A9D54416ED6B}.Release|Any CPU.ActiveCfg = Release|Any CPU
		{EE57E75D-2CC4-E056-0948-A9D54416ED6B}.Release|Any CPU.Build.0 = Release|Any CPU
		{278297D8-F3F2-93CB-60EA-E071F95FF1DB}.Debug|Any CPU.ActiveCfg = Debug|Any CPU
		{278297D8-F3F2-93CB-60EA-E071F95FF1DB}.Debug|Any CPU.Build.0 = Debug|Any CPU
		{278297D8-F3F2-93CB-60EA-E071F95FF1DB}.Release|Any CPU.ActiveCfg = Release|Any CPU
		{278297D8-F3F2-93CB-60EA-E071F95FF1DB}.Release|Any CPU.Build.0 = Release|Any CPU
		{3DED04E2-7920-6219-41C9-E1207C737EB6}.Debug|Any CPU.ActiveCfg = Debug|Any CPU
		{3DED04E2-7920-6219-41C9-E1207C737EB6}.Debug|Any CPU.Build.0 = Debug|Any CPU
		{3DED04E2-7920-6219-41C9-E1207C737EB6}.Release|Any CPU.ActiveCfg = Release|Any CPU
		{3DED04E2-7920-6219-41C9-E1207C737EB6}.Release|Any CPU.Build.0 = Release|Any CPU
		{E8FBB5E6-C32E-B820-EFE2-5E505EBF8183}.Debug|Any CPU.ActiveCfg = Debug|Any CPU
		{E8FBB5E6-C32E-B820-EFE2-5E505EBF8183}.Debug|Any CPU.Build.0 = Debug|Any CPU
		{E8FBB5E6-C32E-B820-EFE2-5E505EBF8183}.Release|Any CPU.ActiveCfg = Release|Any CPU
		{E8FBB5E6-C32E-B820-EFE2-5E505EBF8183}.Release|Any CPU.Build.0 = Release|Any CPU
		{5CBC9619-02ED-4E04-BC3D-BF34948C56B2}.Debug|Any CPU.ActiveCfg = Debug|Any CPU
		{5CBC9619-02ED-4E04-BC3D-BF34948C56B2}.Debug|Any CPU.Build.0 = Debug|Any CPU
		{5CBC9619-02ED-4E04-BC3D-BF34948C56B2}.Release|Any CPU.ActiveCfg = Release|Any CPU
		{5CBC9619-02ED-4E04-BC3D-BF34948C56B2}.Release|Any CPU.Build.0 = Release|Any CPU
		{D7CCA692-871B-2AEA-8ED9-CC23AC524632}.Debug|Any CPU.ActiveCfg = Debug|Any CPU
		{D7CCA692-871B-2AEA-8ED9-CC23AC524632}.Debug|Any CPU.Build.0 = Debug|Any CPU
		{D7CCA692-871B-2AEA-8ED9-CC23AC524632}.Release|Any CPU.ActiveCfg = Release|Any CPU
		{D7CCA692-871B-2AEA-8ED9-CC23AC524632}.Release|Any CPU.Build.0 = Release|Any CPU
		{D1087C93-FF6E-035C-BD87-18B708B70D17}.Debug|Any CPU.ActiveCfg = Debug|Any CPU
		{D1087C93-FF6E-035C-BD87-18B708B70D17}.Debug|Any CPU.Build.0 = Debug|Any CPU
		{D1087C93-FF6E-035C-BD87-18B708B70D17}.Release|Any CPU.ActiveCfg = Release|Any CPU
		{D1087C93-FF6E-035C-BD87-18B708B70D17}.Release|Any CPU.Build.0 = Release|Any CPU
		{04FF7C34-9E47-CA69-5961-DC185099B100}.Debug|Any CPU.ActiveCfg = Debug|Any CPU
		{04FF7C34-9E47-CA69-5961-DC185099B100}.Debug|Any CPU.Build.0 = Debug|Any CPU
		{04FF7C34-9E47-CA69-5961-DC185099B100}.Release|Any CPU.ActiveCfg = Release|Any CPU
		{04FF7C34-9E47-CA69-5961-DC185099B100}.Release|Any CPU.Build.0 = Release|Any CPU
		{4B2A86B1-9ED5-C839-3D87-57854782B4AE}.Debug|Any CPU.ActiveCfg = Debug|Any CPU
		{4B2A86B1-9ED5-C839-3D87-57854782B4AE}.Debug|Any CPU.Build.0 = Debug|Any CPU
		{4B2A86B1-9ED5-C839-3D87-57854782B4AE}.Release|Any CPU.ActiveCfg = Release|Any CPU
		{4B2A86B1-9ED5-C839-3D87-57854782B4AE}.Release|Any CPU.Build.0 = Release|Any CPU
		{865BFF01-3BD2-AF03-61F6-E1DEC0992B6E}.Debug|Any CPU.ActiveCfg = Debug|Any CPU
		{865BFF01-3BD2-AF03-61F6-E1DEC0992B6E}.Debug|Any CPU.Build.0 = Debug|Any CPU
		{865BFF01-3BD2-AF03-61F6-E1DEC0992B6E}.Release|Any CPU.ActiveCfg = Release|Any CPU
		{865BFF01-3BD2-AF03-61F6-E1DEC0992B6E}.Release|Any CPU.Build.0 = Release|Any CPU
		{B13FD306-67A7-27E9-E9F2-8C83E605407A}.Debug|Any CPU.ActiveCfg = Debug|Any CPU
		{B13FD306-67A7-27E9-E9F2-8C83E605407A}.Debug|Any CPU.Build.0 = Debug|Any CPU
		{B13FD306-67A7-27E9-E9F2-8C83E605407A}.Release|Any CPU.ActiveCfg = Release|Any CPU
		{B13FD306-67A7-27E9-E9F2-8C83E605407A}.Release|Any CPU.Build.0 = Release|Any CPU
		{EA949090-BDFF-E98B-30A3-CD24F174FE82}.Debug|Any CPU.ActiveCfg = Debug|Any CPU
		{EA949090-BDFF-E98B-30A3-CD24F174FE82}.Debug|Any CPU.Build.0 = Debug|Any CPU
		{EA949090-BDFF-E98B-30A3-CD24F174FE82}.Release|Any CPU.ActiveCfg = Release|Any CPU
		{EA949090-BDFF-E98B-30A3-CD24F174FE82}.Release|Any CPU.Build.0 = Release|Any CPU
		{148A4DA1-933C-7A87-289F-15ADD73C2D81}.Debug|Any CPU.ActiveCfg = Debug|Any CPU
		{148A4DA1-933C-7A87-289F-15ADD73C2D81}.Debug|Any CPU.Build.0 = Debug|Any CPU
		{148A4DA1-933C-7A87-289F-15ADD73C2D81}.Release|Any CPU.ActiveCfg = Release|Any CPU
		{148A4DA1-933C-7A87-289F-15ADD73C2D81}.Release|Any CPU.Build.0 = Release|Any CPU
		{6C3E787A-FE65-F17C-02A7-D20028B404F0}.Debug|Any CPU.ActiveCfg = Debug|Any CPU
		{6C3E787A-FE65-F17C-02A7-D20028B404F0}.Debug|Any CPU.Build.0 = Debug|Any CPU
		{6C3E787A-FE65-F17C-02A7-D20028B404F0}.Release|Any CPU.ActiveCfg = Release|Any CPU
		{6C3E787A-FE65-F17C-02A7-D20028B404F0}.Release|Any CPU.Build.0 = Release|Any CPU
		{D0141936-7F45-A838-5B49-8918FAD05B45}.Debug|Any CPU.ActiveCfg = Debug|Any CPU
		{D0141936-7F45-A838-5B49-8918FAD05B45}.Debug|Any CPU.Build.0 = Debug|Any CPU
		{D0141936-7F45-A838-5B49-8918FAD05B45}.Release|Any CPU.ActiveCfg = Release|Any CPU
		{D0141936-7F45-A838-5B49-8918FAD05B45}.Release|Any CPU.Build.0 = Release|Any CPU
		{485DC875-68CF-2A86-881E-114581F2FBDA}.Debug|Any CPU.ActiveCfg = Debug|Any CPU
		{485DC875-68CF-2A86-881E-114581F2FBDA}.Debug|Any CPU.Build.0 = Debug|Any CPU
		{485DC875-68CF-2A86-881E-114581F2FBDA}.Release|Any CPU.ActiveCfg = Release|Any CPU
		{485DC875-68CF-2A86-881E-114581F2FBDA}.Release|Any CPU.Build.0 = Release|Any CPU
		{AFCEA8CC-EA01-12AA-BA99-B0937EEBFD38}.Debug|Any CPU.ActiveCfg = Debug|Any CPU
		{AFCEA8CC-EA01-12AA-BA99-B0937EEBFD38}.Debug|Any CPU.Build.0 = Debug|Any CPU
		{AFCEA8CC-EA01-12AA-BA99-B0937EEBFD38}.Release|Any CPU.ActiveCfg = Release|Any CPU
		{AFCEA8CC-EA01-12AA-BA99-B0937EEBFD38}.Release|Any CPU.Build.0 = Release|Any CPU
		{A0F0EBA4-D1D0-0506-60A3-CEBF9C5ED491}.Debug|Any CPU.ActiveCfg = Debug|Any CPU
		{A0F0EBA4-D1D0-0506-60A3-CEBF9C5ED491}.Debug|Any CPU.Build.0 = Debug|Any CPU
		{A0F0EBA4-D1D0-0506-60A3-CEBF9C5ED491}.Release|Any CPU.ActiveCfg = Release|Any CPU
		{A0F0EBA4-D1D0-0506-60A3-CEBF9C5ED491}.Release|Any CPU.Build.0 = Release|Any CPU
	EndGlobalSection
	GlobalSection(SolutionProperties) = preSolution
		HideSolutionNode = FALSE
	EndGlobalSection
	GlobalSection(NestedProjects) = preSolution
		{EE57E75D-2CC4-E056-0948-A9D54416ED6B} = {5350A897-3DCD-4D8D-904C-2E8D4F2DE5F9}
		{278297D8-F3F2-93CB-60EA-E071F95FF1DB} = {5350A897-3DCD-4D8D-904C-2E8D4F2DE5F9}
		{3DED04E2-7920-6219-41C9-E1207C737EB6} = {E8F01647-4CFE-4D77-83EC-0D4566312A65}
		{E8FBB5E6-C32E-B820-EFE2-5E505EBF8183} = {5350A897-3DCD-4D8D-904C-2E8D4F2DE5F9}
		{5CBC9619-02ED-4E04-BC3D-BF34948C56B2} = {44E5005F-155A-400F-9B11-D55525EBF44D}
		{D7CCA692-871B-2AEA-8ED9-CC23AC524632} = {5350A897-3DCD-4D8D-904C-2E8D4F2DE5F9}
		{D1087C93-FF6E-035C-BD87-18B708B70D17} = {02EA681E-C7D8-13C7-8484-4AC65E1B71E8}
		{04FF7C34-9E47-CA69-5961-DC185099B100} = {02EA681E-C7D8-13C7-8484-4AC65E1B71E8}
		{4B2A86B1-9ED5-C839-3D87-57854782B4AE} = {5350A897-3DCD-4D8D-904C-2E8D4F2DE5F9}
		{865BFF01-3BD2-AF03-61F6-E1DEC0992B6E} = {5350A897-3DCD-4D8D-904C-2E8D4F2DE5F9}
		{B13FD306-67A7-27E9-E9F2-8C83E605407A} = {1A90A051-9B85-47F8-A3B7-8662FB78CA75}
		{EA949090-BDFF-E98B-30A3-CD24F174FE82} = {1A90A051-9B85-47F8-A3B7-8662FB78CA75}
		{148A4DA1-933C-7A87-289F-15ADD73C2D81} = {5B3E2178-FAF0-454C-8E63-6768B316291C}
		{6C3E787A-FE65-F17C-02A7-D20028B404F0} = {E81A9B4D-B018-4DFD-9D1E-2E1CC678C3F8}
		{D0141936-7F45-A838-5B49-8918FAD05B45} = {E81A9B4D-B018-4DFD-9D1E-2E1CC678C3F8}
		{485DC875-68CF-2A86-881E-114581F2FBDA} = {5350A897-3DCD-4D8D-904C-2E8D4F2DE5F9}
		{AFCEA8CC-EA01-12AA-BA99-B0937EEBFD38} = {E81A9B4D-B018-4DFD-9D1E-2E1CC678C3F8}
		{A0F0EBA4-D1D0-0506-60A3-CEBF9C5ED491} = {44E5005F-155A-400F-9B11-D55525EBF44D}
	EndGlobalSection
	GlobalSection(ExtensibilityGlobals) = postSolution
		SolutionGuid = {E85820DE-5788-4042-8AE1-EA44CC0FEA8A}
	EndGlobalSection
EndGlobal
