
Microsoft Visual Studio Solution File, Format Version 12.00
# Visual Studio Version 17
VisualStudioVersion = 17.11.35222.181
MinimumVisualStudioVersion = 10.0.40219.1
Project("{9A19103F-16F7-4668-BE54-9A1E7A4F7556}") = "LiteDbWrapper", "LiteDbWrapper.csproj", "{C5D0349F-878F-4A64-BDB9-48C689C55CCE}"
EndProject
Project("{FAE04EC0-301F-11D3-BF4B-00C04F79EFBC}") = "LiteDbWrapper.Test", "..\LiteDbWrapper.Test\LiteDbWrapper.Test.csproj", "{A21DD5F7-6EF6-423A-9170-1DFE4208CA6D}"
EndProject
Global
	GlobalSection(SolutionConfigurationPlatforms) = preSolution
		Debug|Any CPU = Debug|Any CPU
		Release|Any CPU = Release|Any CPU
	EndGlobalSection
	GlobalSection(ProjectConfigurationPlatforms) = postSolution
		{C5D0349F-878F-4A64-BDB9-48C689C55CCE}.Debug|Any CPU.ActiveCfg = Release|Any CPU
		{C5D0349F-878F-4A64-BDB9-48C689C55CCE}.Debug|Any CPU.Build.0 = Release|Any CPU
		{C5D0349F-878F-4A64-BDB9-48C689C55CCE}.Release|Any CPU.ActiveCfg = Release|Any CPU
		{C5D0349F-878F-4A64-BDB9-48C689C55CCE}.Release|Any CPU.Build.0 = Release|Any CPU
		{A21DD5F7-6EF6-423A-9170-1DFE4208CA6D}.Debug|Any CPU.ActiveCfg = Debug|Any CPU
		{A21DD5F7-6EF6-423A-9170-1DFE4208CA6D}.Debug|Any CPU.Build.0 = Debug|Any CPU
		{A21DD5F7-6EF6-423A-9170-1DFE4208CA6D}.Release|Any CPU.ActiveCfg = Release|Any CPU
		{A21DD5F7-6EF6-423A-9170-1DFE4208CA6D}.Release|Any CPU.Build.0 = Release|Any CPU
	EndGlobalSection
	GlobalSection(SolutionProperties) = preSolution
		HideSolutionNode = FALSE
	EndGlobalSection
	GlobalSection(ExtensibilityGlobals) = postSolution
		SolutionGuid = {E9EF7D3A-BADD-4C3F-9016-BED0F4479715}
	EndGlobalSection
EndGlobal
