
Microsoft Visual Studio Solution File, Format Version 12.00
# Visual Studio Version 17
VisualStudioVersion = 17.13.35931.197 d17.13
MinimumVisualStudioVersion = 10.0.40219.1
Project("{FAE04EC0-301F-11D3-BF4B-00C04F79EFBC}") = "Cache", "Cache\Cache.csproj", "{70BEA5E0-2DF6-DB61-C887-A2BA020DD3B0}"
EndProject
Project("{FAE04EC0-301F-11D3-BF4B-00C04F79EFBC}") = "Cache.Test", "Cache.Test\Cache.Test.csproj", "{FFAA2235-1C38-4EC7-8C0F-4E9F9227BB51}"
EndProject
Global
	GlobalSection(SolutionConfigurationPlatforms) = preSolution
		Debug|Any CPU = Debug|Any CPU
		Release|Any CPU = Release|Any CPU
	EndGlobalSection
	GlobalSection(ProjectConfigurationPlatforms) = postSolution
		{70BEA5E0-2DF6-DB61-C887-A2BA020DD3B0}.Debug|Any CPU.ActiveCfg = Debug|Any CPU
		{70BEA5E0-2DF6-DB61-C887-A2BA020DD3B0}.Debug|Any CPU.Build.0 = Debug|Any CPU
		{70BEA5E0-2DF6-DB61-C887-A2BA020DD3B0}.Release|Any CPU.ActiveCfg = Release|Any CPU
		{70BEA5E0-2DF6-DB61-C887-A2BA020DD3B0}.Release|Any CPU.Build.0 = Release|Any CPU
		{FFAA2235-1C38-4EC7-8C0F-4E9F9227BB51}.Debug|Any CPU.ActiveCfg = Debug|Any CPU
		{FFAA2235-1C38-4EC7-8C0F-4E9F9227BB51}.Debug|Any CPU.Build.0 = Debug|Any CPU
		{FFAA2235-1C38-4EC7-8C0F-4E9F9227BB51}.Release|Any CPU.ActiveCfg = Release|Any CPU
		{FFAA2235-1C38-4EC7-8C0F-4E9F9227BB51}.Release|Any CPU.Build.0 = Release|Any CPU
	EndGlobalSection
	GlobalSection(SolutionProperties) = preSolution
		HideSolutionNode = FALSE
	EndGlobalSection
	GlobalSection(ExtensibilityGlobals) = postSolution
		SolutionGuid = {0EE7137D-01E4-4AFD-A6D5-A6250EF8360F}
	EndGlobalSection
EndGlobal
