
Microsoft Visual Studio Solution File, Format Version 12.00
# Visual Studio Version 17
VisualStudioVersion = 17.11.35303.130
MinimumVisualStudioVersion = 10.0.40219.1
Project("{FAE04EC0-301F-11D3-BF4B-00C04F79EFBC}") = "FileIOWrapper", "FileIOWrapper\FileIOWrapper.csproj", "{8044DA07-AE33-47E7-AB68-0CEA2552A071}"
EndProject
Global
	GlobalSection(SolutionConfigurationPlatforms) = preSolution
		Debug|Any CPU = Debug|Any CPU
		Release|Any CPU = Release|Any CPU
	EndGlobalSection
	GlobalSection(ProjectConfigurationPlatforms) = postSolution
		{8044DA07-AE33-47E7-AB68-0CEA2552A071}.Debug|Any CPU.ActiveCfg = Debug|Any CPU
		{8044DA07-AE33-47E7-AB68-0CEA2552A071}.Debug|Any CPU.Build.0 = Debug|Any CPU
		{8044DA07-AE33-47E7-AB68-0CEA2552A071}.Release|Any CPU.ActiveCfg = Release|Any CPU
		{8044DA07-AE33-47E7-AB68-0CEA2552A071}.Release|Any CPU.Build.0 = Release|Any CPU
	EndGlobalSection
	GlobalSection(SolutionProperties) = preSolution
		HideSolutionNode = FALSE
	EndGlobalSection
	GlobalSection(ExtensibilityGlobals) = postSolution
		SolutionGuid = {489E7252-A400-42BD-9BF0-8C08DBB0DBFF}
	EndGlobalSection
EndGlobal
