
Microsoft Visual Studio Solution File, Format Version 12.00
# Visual Studio Version 17
VisualStudioVersion = 17.11.35222.181
MinimumVisualStudioVersion = 10.0.40219.1
Project("{9A19103F-16F7-4668-BE54-9A1E7A4F7556}") = "JsonParser", "JsonParser.csproj", "{96029708-B35C-48AD-909C-1AB49CB08E96}"
EndProject
Global
	GlobalSection(SolutionConfigurationPlatforms) = preSolution
		Debug|Any CPU = Debug|Any CPU
		Release|Any CPU = Release|Any CPU
	EndGlobalSection
	GlobalSection(ProjectConfigurationPlatforms) = postSolution
		{96029708-B35C-48AD-909C-1AB49CB08E96}.Debug|Any CPU.ActiveCfg = Release|Any CPU
		{96029708-B35C-48AD-909C-1AB49CB08E96}.Debug|Any CPU.Build.0 = Release|Any CPU
		{96029708-B35C-48AD-909C-1AB49CB08E96}.Release|Any CPU.ActiveCfg = Release|Any CPU
		{96029708-B35C-48AD-909C-1AB49CB08E96}.Release|Any CPU.Build.0 = Release|Any CPU
	EndGlobalSection
	GlobalSection(SolutionProperties) = preSolution
		HideSolutionNode = FALSE
	EndGlobalSection
	GlobalSection(ExtensibilityGlobals) = postSolution
		SolutionGuid = {B40FC041-2803-4C06-A117-B00C5824623E}
	EndGlobalSection
EndGlobal
