
Microsoft Visual Studio Solution File, Format Version 12.00
# Visual Studio Version 17
VisualStudioVersion = 17.11.35222.181
MinimumVisualStudioVersion = 10.0.40219.1
Project("{9A19103F-16F7-4668-BE54-9A1E7A4F7556}") = "ColorConsoleLogger", "ColorConsoleLogger.csproj", "{A335523E-4760-4F65-AE06-7697C13FED17}"
EndProject
Global
	GlobalSection(SolutionConfigurationPlatforms) = preSolution
		Debug|Any CPU = Debug|Any CPU
		Release|Any CPU = Release|Any CPU
	EndGlobalSection
	GlobalSection(ProjectConfigurationPlatforms) = postSolution
		{A335523E-4760-4F65-AE06-7697C13FED17}.Debug|Any CPU.ActiveCfg = Release|Any CPU
		{A335523E-4760-4F65-AE06-7697C13FED17}.Debug|Any CPU.Build.0 = Release|Any CPU
		{A335523E-4760-4F65-AE06-7697C13FED17}.Release|Any CPU.ActiveCfg = Release|Any CPU
		{A335523E-4760-4F65-AE06-7697C13FED17}.Release|Any CPU.Build.0 = Release|Any CPU
	EndGlobalSection
	GlobalSection(SolutionProperties) = preSolution
		HideSolutionNode = FALSE
	EndGlobalSection
	GlobalSection(ExtensibilityGlobals) = postSolution
		SolutionGuid = {E6E6A421-42F6-4CB6-B06A-BEBB16A6AEAD}
	EndGlobalSection
EndGlobal
